# THIS IS AN AUTOGENERATED FILE. DO NOT EDIT THIS FILE DIRECTLY.
# yarn lockfile v1


async-limiter@~1.0.0:
  version "1.0.0"
  resolved "http://registry.npm.taobao.org/async-limiter/download/async-limiter-1.0.0.tgz#78faed8c3d074ab81f22b4e985d79e8738f720f8"

uuid@^3.3.2:
  version "3.3.2"
  resolved "http://registry.npm.taobao.org/uuid/download/uuid-3.3.2.tgz#1b4af4955eb3077c501c23872fc6513811587131"

ws@^5.2.1:
  version "5.2.1"
  resolved "http://registry.npm.taobao.org/ws/download/ws-5.2.1.tgz#37827a0ba772d072a843c3615b0ad38bcdb354eb"
  dependencies:
    async-limiter "~1.0.0"
